name: Update Gemfile.lock

on:
  push:
    paths:
      - 'Gemfile'
      - 'Gemfile.lock'

jobs:
  update-gemfile-lock:
    runs-on: ubuntu-latest

    steps:
      - name: Checkout code
        uses: actions/checkout@v4
        with:
          ref: ${{ github.ref }}
          token: ${{ secrets.GITHUB_TOKEN }}

      - name: Set up Ruby
        uses: ruby/setup-ruby@v1
        with:
          ruby-version: '2.4.2' # Match your Gemfile

      - name: Install dependencies (ignore lock conflict)
        run: |
          bundle install || true

      # Try to resolve lockfile conflicts
      - name: Update lockfile if install failed
        run: |
          if ! bundle install; then
            echo "bundle install failed, trying bundle update"
            bundle update
          fi

      - name: Check if Gemfile.lock changed
        id: lock_changed
        run: |
          if ! git diff --quiet Gemfile.lock; then
            echo "changed=true" >> $GITHUB_OUTPUT
          else
            echo "changed=false" >> $GITHUB_OUTPUT
          fi

      - name: Commit and push if Gemfile.lock changed
        if: steps.lock_changed.outputs.changed == 'true'
        run: |
          git config --global user.name "github-actions[bot]"
          git config --global user.email "github-actions[bot]@users.noreply.github.com"
          git add Gemfile.lock
          git commit -m "Update Gemfile.lock via GitHub Actions (auto-resolve)"
          git push
