name: Update Gemfile.lock

on:
  push:
    paths:
      - 'Gemfile'
      - '.github/workflows/update-gemfile-lock.yml'

jobs:
  update-gemfile-lock:
    runs-on: ubuntu-latest

    steps:
      - name: Checkout code
        uses: actions/checkout@v4
        with:
          ref: ${{ github.ref }}
          token: ${{ secrets.GITHUB_TOKEN }}

      - name: Set up Ruby
        uses: ruby/setup-ruby@v1
        with:
          ruby-version: '2.4.2' # Match your Gemfile

      - name: Install dependencies and update Gemfile.lock
        run: |
          bundle install

      - name: Check if Gemfile.lock changed
        run: |
          git diff --exit-code Gemfile.lock || echo "Gemfile.lock updated"

      - name: Commit and push if Gemfile.lock changed
        run: |
          git config --global user.name "github-actions[bot]"
          git config --global user.email "github-actions[bot]@users.noreply.github.com"
          if ! git diff --quiet Gemfile.lock; then
            git add Gemfile.lock
            git commit -m "Update Gemfile.lock via GitHub Actions"
            git push
          fi
